Microsoft Visual Studio Solution File, Format Version 12.00
# Visual Studio Version 17
VisualStudioVersion = 17.5.2.0
MinimumVisualStudioVersion = 10.0.40219.1
Project("{FAE04EC0-301F-11D3-BF4B-00C04F79EFBC}") = "OrderReportFunction", "OrderReportFunction\OrderReportFunction.csproj", "{1BB502EC-744E-E683-C6A4-50BEED60A6BB}"
EndProject
Project("{2150E333-8FDC-42A3-9474-1A3956D46DE8}") = "OrderReportFunction (1)", "OrderReportFunction (1)", "{FC510396-4B2F-78A2-9039-4EF548316A94}"
EndProject
Project("{2150E333-8FDC-42A3-9474-1A3956D46DE8}") = "obj", "obj", "{B4A00C61-20BE-389E-AB93-3AFD2CECF315}"
EndProject
Project("{2150E333-8FDC-42A3-9474-1A3956D46DE8}") = "Debug", "Debug", "{52BB585B-6D4E-99B9-E446-DEF3E00B20FD}"
EndProject
Project("{2150E333-8FDC-42A3-9474-1A3956D46DE8}") = "net9.0", "net9.0", "{58D650A7-F395-556E-9684-87FA24EFDD07}"
EndProject
Project("{FAE04EC0-301F-11D3-BF4B-00C04F79EFBC}") = "WorkerExtensions", "OrderReportFunction\obj\Debug\net9.0\WorkerExtensions\WorkerExtensions.csproj", "{C36D5425-8581-4475-C485-3A51D46FC4CD}"
EndProject
Global
	GlobalSection(SolutionConfigurationPlatforms) = preSolution
		Debug|Any CPU = Debug|Any CPU
		Release|Any CPU = Release|Any CPU
	EndGlobalSection
	GlobalSection(ProjectConfigurationPlatforms) = postSolution
		{1BB502EC-744E-E683-C6A4-50BEED60A6BB}.Debug|Any CPU.ActiveCfg = Debug|Any CPU
		{1BB502EC-744E-E683-C6A4-50BEED60A6BB}.Debug|Any CPU.Build.0 = Debug|Any CPU
		{1BB502EC-744E-E683-C6A4-50BEED60A6BB}.Release|Any CPU.ActiveCfg = Release|Any CPU
		{1BB502EC-744E-E683-C6A4-50BEED60A6BB}.Release|Any CPU.Build.0 = Release|Any CPU
		{C36D5425-8581-4475-C485-3A51D46FC4CD}.Debug|Any CPU.ActiveCfg = Debug|Any CPU
		{C36D5425-8581-4475-C485-3A51D46FC4CD}.Debug|Any CPU.Build.0 = Debug|Any CPU
		{C36D5425-8581-4475-C485-3A51D46FC4CD}.Release|Any CPU.ActiveCfg = Release|Any CPU
		{C36D5425-8581-4475-C485-3A51D46FC4CD}.Release|Any CPU.Build.0 = Release|Any CPU
	EndGlobalSection
	GlobalSection(SolutionProperties) = preSolution
		HideSolutionNode = FALSE
	EndGlobalSection
	GlobalSection(NestedProjects) = preSolution
		{B4A00C61-20BE-389E-AB93-3AFD2CECF315} = {FC510396-4B2F-78A2-9039-4EF548316A94}
		{52BB585B-6D4E-99B9-E446-DEF3E00B20FD} = {B4A00C61-20BE-389E-AB93-3AFD2CECF315}
		{58D650A7-F395-556E-9684-87FA24EFDD07} = {52BB585B-6D4E-99B9-E446-DEF3E00B20FD}
		{C36D5425-8581-4475-C485-3A51D46FC4CD} = {58D650A7-F395-556E-9684-87FA24EFDD07}
	EndGlobalSection
	GlobalSection(ExtensibilityGlobals) = postSolution
		SolutionGuid = {E23ECADE-18B3-44D2-A510-1464F52EF35B}
	EndGlobalSection
EndGlobal
